
Microsoft Visual Studio Solution File, Format Version 12.00
# Visual Studio Version 17
VisualStudioVersion = 17.5.33627.172
MinimumVisualStudioVersion = 10.0.40219.1
Project("{9A19103F-16F7-4668-BE54-9A1E7A4F7556}") = "RangeTask", "RangeTask\RangeTask.csproj", "{4AC6D040-72CE-4D2D-BDD0-A395FF360E1A}"
EndProject
Project("{9A19103F-16F7-4668-BE54-9A1E7A4F7556}") = "VectorTask", "VectorTask\VectorTask.csproj", "{FACC7A8F-C03F-4118-897F-A5F2E786ECE8}"
EndProject
Project("{9A19103F-16F7-4668-BE54-9A1E7A4F7556}") = "MatrixTask", "MatrixTask\MatrixTask.csproj", "{D869D4BF-526F-4748-91A1-5DCB6B4EC95A}"
EndProject
Project("{9A19103F-16F7-4668-BE54-9A1E7A4F7556}") = "ListTask", "ListTask\ListTask.csproj", "{6817C199-49BB-482B-8B0A-6E4C206FBEFE}"
EndProject
Project("{9A19103F-16F7-4668-BE54-9A1E7A4F7556}") = "ArrayListTask", "ArrayListTask\ArrayListTask.csproj", "{EDED48B0-2623-477C-91E1-E35ED63C4EFA}"
EndProject
Project("{9A19103F-16F7-4668-BE54-9A1E7A4F7556}") = "HashTableTask", "HashTableTask\HashTableTask.csproj", "{1CB8C450-4AEB-461D-9A19-00B3CAE420CD}"
EndProject
Project("{9A19103F-16F7-4668-BE54-9A1E7A4F7556}") = "TreeTask", "TreeTask\TreeTask.csproj", "{32399481-FDEA-47DD-9892-9E220B828692}"
EndProject
Project("{9A19103F-16F7-4668-BE54-9A1E7A4F7556}") = "Test", "Test\Test.csproj", "{D6B9FF04-7D52-40C4-A659-E2C5F6DD47A7}"
EndProject
Project("{9A19103F-16F7-4668-BE54-9A1E7A4F7556}") = "LambdasTask", "LambdasTask\LambdasTask.csproj", "{7598D61E-013B-4D6D-818A-96F0DA3DA25C}"
EndProject
Project("{9A19103F-16F7-4668-BE54-9A1E7A4F7556}") = "ShapesTask", "ShapesTask\ShapesTask.csproj", "{0DF94D77-50B9-4FDB-9499-59FEA5008F0B}"
EndProject
Project("{FAE04EC0-301F-11D3-BF4B-00C04F79EFBC}") = "ArrayListHome", "ArrayListHome\ArrayListHome.csproj", "{5CA8DC7E-418B-4BD0-BB79-E7B30F85AD81}"
EndProject
Global
	GlobalSection(SolutionConfigurationPlatforms) = preSolution
		Debug|Any CPU = Debug|Any CPU
		Release|Any CPU = Release|Any CPU
	EndGlobalSection
	GlobalSection(ProjectConfigurationPlatforms) = postSolution
		{4AC6D040-72CE-4D2D-BDD0-A395FF360E1A}.Debug|Any CPU.ActiveCfg = Debug|Any CPU
		{4AC6D040-72CE-4D2D-BDD0-A395FF360E1A}.Debug|Any CPU.Build.0 = Debug|Any CPU
		{4AC6D040-72CE-4D2D-BDD0-A395FF360E1A}.Release|Any CPU.ActiveCfg = Release|Any CPU
		{4AC6D040-72CE-4D2D-BDD0-A395FF360E1A}.Release|Any CPU.Build.0 = Release|Any CPU
		{FACC7A8F-C03F-4118-897F-A5F2E786ECE8}.Debug|Any CPU.ActiveCfg = Debug|Any CPU
		{FACC7A8F-C03F-4118-897F-A5F2E786ECE8}.Debug|Any CPU.Build.0 = Debug|Any CPU
		{FACC7A8F-C03F-4118-897F-A5F2E786ECE8}.Release|Any CPU.ActiveCfg = Release|Any CPU
		{FACC7A8F-C03F-4118-897F-A5F2E786ECE8}.Release|Any CPU.Build.0 = Release|Any CPU
		{D869D4BF-526F-4748-91A1-5DCB6B4EC95A}.Debug|Any CPU.ActiveCfg = Debug|Any CPU
		{D869D4BF-526F-4748-91A1-5DCB6B4EC95A}.Debug|Any CPU.Build.0 = Debug|Any CPU
		{D869D4BF-526F-4748-91A1-5DCB6B4EC95A}.Release|Any CPU.ActiveCfg = Release|Any CPU
		{D869D4BF-526F-4748-91A1-5DCB6B4EC95A}.Release|Any CPU.Build.0 = Release|Any CPU
		{6817C199-49BB-482B-8B0A-6E4C206FBEFE}.Debug|Any CPU.ActiveCfg = Debug|Any CPU
		{6817C199-49BB-482B-8B0A-6E4C206FBEFE}.Debug|Any CPU.Build.0 = Debug|Any CPU
		{6817C199-49BB-482B-8B0A-6E4C206FBEFE}.Release|Any CPU.ActiveCfg = Release|Any CPU
		{6817C199-49BB-482B-8B0A-6E4C206FBEFE}.Release|Any CPU.Build.0 = Release|Any CPU
		{EDED48B0-2623-477C-91E1-E35ED63C4EFA}.Debug|Any CPU.ActiveCfg = Debug|Any CPU
		{EDED48B0-2623-477C-91E1-E35ED63C4EFA}.Debug|Any CPU.Build.0 = Debug|Any CPU
		{EDED48B0-2623-477C-91E1-E35ED63C4EFA}.Release|Any CPU.ActiveCfg = Release|Any CPU
		{EDED48B0-2623-477C-91E1-E35ED63C4EFA}.Release|Any CPU.Build.0 = Release|Any CPU
		{1CB8C450-4AEB-461D-9A19-00B3CAE420CD}.Debug|Any CPU.ActiveCfg = Debug|Any CPU
		{1CB8C450-4AEB-461D-9A19-00B3CAE420CD}.Debug|Any CPU.Build.0 = Debug|Any CPU
		{1CB8C450-4AEB-461D-9A19-00B3CAE420CD}.Release|Any CPU.ActiveCfg = Release|Any CPU
		{1CB8C450-4AEB-461D-9A19-00B3CAE420CD}.Release|Any CPU.Build.0 = Release|Any CPU
		{32399481-FDEA-47DD-9892-9E220B828692}.Debug|Any CPU.ActiveCfg = Debug|Any CPU
		{32399481-FDEA-47DD-9892-9E220B828692}.Debug|Any CPU.Build.0 = Debug|Any CPU
		{32399481-FDEA-47DD-9892-9E220B828692}.Release|Any CPU.ActiveCfg = Release|Any CPU
		{32399481-FDEA-47DD-9892-9E220B828692}.Release|Any CPU.Build.0 = Release|Any CPU
		{D6B9FF04-7D52-40C4-A659-E2C5F6DD47A7}.Debug|Any CPU.ActiveCfg = Debug|Any CPU
		{D6B9FF04-7D52-40C4-A659-E2C5F6DD47A7}.Debug|Any CPU.Build.0 = Debug|Any CPU
		{D6B9FF04-7D52-40C4-A659-E2C5F6DD47A7}.Release|Any CPU.ActiveCfg = Release|Any CPU
		{D6B9FF04-7D52-40C4-A659-E2C5F6DD47A7}.Release|Any CPU.Build.0 = Release|Any CPU
		{7598D61E-013B-4D6D-818A-96F0DA3DA25C}.Debug|Any CPU.ActiveCfg = Debug|Any CPU
		{7598D61E-013B-4D6D-818A-96F0DA3DA25C}.Debug|Any CPU.Build.0 = Debug|Any CPU
		{7598D61E-013B-4D6D-818A-96F0DA3DA25C}.Release|Any CPU.ActiveCfg = Release|Any CPU
		{7598D61E-013B-4D6D-818A-96F0DA3DA25C}.Release|Any CPU.Build.0 = Release|Any CPU
		{0DF94D77-50B9-4FDB-9499-59FEA5008F0B}.Debug|Any CPU.ActiveCfg = Debug|Any CPU
		{0DF94D77-50B9-4FDB-9499-59FEA5008F0B}.Debug|Any CPU.Build.0 = Debug|Any CPU
		{0DF94D77-50B9-4FDB-9499-59FEA5008F0B}.Release|Any CPU.ActiveCfg = Release|Any CPU
		{0DF94D77-50B9-4FDB-9499-59FEA5008F0B}.Release|Any CPU.Build.0 = Release|Any CPU
		{5CA8DC7E-418B-4BD0-BB79-E7B30F85AD81}.Debug|Any CPU.ActiveCfg = Debug|Any CPU
		{5CA8DC7E-418B-4BD0-BB79-E7B30F85AD81}.Debug|Any CPU.Build.0 = Debug|Any CPU
		{5CA8DC7E-418B-4BD0-BB79-E7B30F85AD81}.Release|Any CPU.ActiveCfg = Release|Any CPU
		{5CA8DC7E-418B-4BD0-BB79-E7B30F85AD81}.Release|Any CPU.Build.0 = Release|Any CPU
	EndGlobalSection
	GlobalSection(SolutionProperties) = preSolution
		HideSolutionNode = FALSE
	EndGlobalSection
	GlobalSection(ExtensibilityGlobals) = postSolution
		SolutionGuid = {04356045-02C0-4405-A4F7-A51022731D7F}
	EndGlobalSection
EndGlobal
